// !$*UTF8*$!
{
	archiveVersion = 1;
	classes = {
	};
	objectVersion = 46;
	objects = {

/* Begin PBXBuildFile section */
		21092E31196D011E000E53FB /* VectorTests.cpp in Sources */ = {isa = PBXBuildFile; fileRef = 21092E30196D011E000E53FB /* VectorTests.cpp */; };
		210D551C1986A4770008D080 /* SemaphoreTests.cpp in Sources */ = {isa = PBXBuildFile; fileRef = 210D551B1986A4770008D080 /* SemaphoreTests.cpp */; };
		214CE3831564E28C00115E8A /* StringTests.cpp in Sources */ = {isa = PBXBuildFile; fileRef = 214CE3821564E28C00115E8A /* StringTests.cpp */; };
		214CE3851564E32800115E8A /* ThreadTests.cpp in Sources */ = {isa = PBXBuildFile; fileRef = 214CE3841564E32800115E8A /* ThreadTests.cpp */; };
		214CE3871564E51C00115E8A /* MutexTests.cpp in Sources */ = {isa = PBXBuildFile; fileRef = 214CE3861564E51C00115E8A /* MutexTests.cpp */; };
		214CE38E1564E66C00115E8A /* DateTests.cpp in Sources */ = {isa = PBXBuildFile; fileRef = 214CE38C1564E66C00115E8A /* DateTests.cpp */; };
		214CE38F1564E66C00115E8A /* NetworkInterfaceTests.cpp in Sources */ = {isa = PBXBuildFile; fileRef = 214CE38D1564E66C00115E8A /* NetworkInterfaceTests.cpp */; };
		214CE3911564E98D00115E8A /* SocketTests.cpp in Sources */ = {isa = PBXBuildFile; fileRef = 214CE3901564E98D00115E8A /* SocketTests.cpp */; };
		214CE3931564EB8600115E8A /* HTTPPacketTests.cpp in Sources */ = {isa = PBXBuildFile; fileRef = 214CE3921564EB8600115E8A /* HTTPPacketTests.cpp */; };
		2168600319973B1E00324D13 /* MessageQueue.cpp in Sources */ = {isa = PBXBuildFile; fileRef = 2168600219973B1E00324D13 /* MessageQueue.cpp */; };
		21805DF1153ED21A005EC7D6 /* HTTPServerTests.cpp in Sources */ = {isa = PBXBuildFile; fileRef = 21805DF0153ED21A005EC7D6 /* HTTPServerTests.cpp */; };
		21AA0411183E0CEE006B0406 /* RandomTests.cpp in Sources */ = {isa = PBXBuildFile; fileRef = 21AA0410183E0CEE006B0406 /* RandomTests.cpp */; };
		21AA0416183E0F44006B0406 /* HTTPRequestTests.cpp in Sources */ = {isa = PBXBuildFile; fileRef = 21AA0415183E0F44006B0406 /* HTTPRequestTests.cpp */; };
		21AE154A153C2A4600F47C5C /* libuhttp++.a in Frameworks */ = {isa = PBXBuildFile; fileRef = 21F497E61536ABB50035F09A /* libuhttp++.a */; };
		21B4231B184F848800EFC1AF /* LoggerTests.cpp in Sources */ = {isa = PBXBuildFile; fileRef = 21B4231A184F848800EFC1AF /* LoggerTests.cpp */; };
		21C01C40153DE18F00547B13 /* UriTests.cpp in Sources */ = {isa = PBXBuildFile; fileRef = 21C01C3F153DE18F00547B13 /* UriTests.cpp */; };
		21F497DD1536AB430035F09A /* HTTPTestMain.cpp in Sources */ = {isa = PBXBuildFile; fileRef = 21F497DC1536AB430035F09A /* HTTPTestMain.cpp */; };
		21F497E81536AC270035F09A /* HTTPClientTests.cpp in Sources */ = {isa = PBXBuildFile; fileRef = 21F497E71536AC270035F09A /* HTTPClientTests.cpp */; };
/* End PBXBuildFile section */

/* Begin PBXContainerItemProxy section */
		21AE1548153C2A4000F47C5C /* PBXContainerItemProxy */ = {
			isa = PBXContainerItemProxy;
			containerPortal = 21F497DE1536ABB40035F09A /* libuhttp.xcodeproj */;
			proxyType = 1;
			remoteGlobalIDString = 21E1EB1B1535D1E0005AA247;
			remoteInfo = libuhttp;
		};
		21F497E51536ABB50035F09A /* PBXContainerItemProxy */ = {
			isa = PBXContainerItemProxy;
			containerPortal = 21F497DE1536ABB40035F09A /* libuhttp.xcodeproj */;
			proxyType = 2;
			remoteGlobalIDString = 21E1EB1C1535D1E0005AA247;
			remoteInfo = libuhttp;
		};
/* End PBXContainerItemProxy section */

/* Begin PBXCopyFilesBuildPhase section */
		21998CD21536A96A00F9454F /* CopyFiles */ = {
			isa = PBXCopyFilesBuildPhase;
			buildActionMask = 2147483647;
			dstPath = /usr/share/man/man1/;
			dstSubfolderSpec = 0;
			files = (
			);
			runOnlyForDeploymentPostprocessing = 1;
		};
/* End PBXCopyFilesBuildPhase section */

/* Begin PBXFileReference section */
		21092E30196D011E000E53FB /* VectorTests.cpp */ = {isa = PBXFileReference; fileEncoding = 4; lastKnownFileType = sourcecode.cpp.cpp; name = VectorTests.cpp; path = ../../VectorTests.cpp; sourceTree = "<group>"; };
		210D551B1986A4770008D080 /* SemaphoreTests.cpp */ = {isa = PBXFileReference; fileEncoding = 4; lastKnownFileType = sourcecode.cpp.cpp; name = SemaphoreTests.cpp; path = ../../SemaphoreTests.cpp; sourceTree = "<group>"; };
		214CE3821564E28C00115E8A /* StringTests.cpp */ = {isa = PBXFileReference; fileEncoding = 4; indentWidth = 2; lastKnownFileType = sourcecode.cpp.cpp; name = StringTests.cpp; path = ../../StringTests.cpp; sourceTree = "<group>"; tabWidth = 2; };
		214CE3841564E32800115E8A /* ThreadTests.cpp */ = {isa = PBXFileReference; fileEncoding = 4; lastKnownFileType = sourcecode.cpp.cpp; name = ThreadTests.cpp; path = ../../ThreadTests.cpp; sourceTree = "<group>"; };
		214CE3861564E51C00115E8A /* MutexTests.cpp */ = {isa = PBXFileReference; fileEncoding = 4; lastKnownFileType = sourcecode.cpp.cpp; name = MutexTests.cpp; path = ../../MutexTests.cpp; sourceTree = "<group>"; };
		214CE38C1564E66C00115E8A /* DateTests.cpp */ = {isa = PBXFileReference; fileEncoding = 4; lastKnownFileType = sourcecode.cpp.cpp; name = DateTests.cpp; path = ../../DateTests.cpp; sourceTree = "<group>"; };
		214CE38D1564E66C00115E8A /* NetworkInterfaceTests.cpp */ = {isa = PBXFileReference; fileEncoding = 4; lastKnownFileType = sourcecode.cpp.cpp; name = NetworkInterfaceTests.cpp; path = ../../NetworkInterfaceTests.cpp; sourceTree = "<group>"; };
		214CE3901564E98D00115E8A /* SocketTests.cpp */ = {isa = PBXFileReference; fileEncoding = 4; lastKnownFileType = sourcecode.cpp.cpp; name = SocketTests.cpp; path = ../../SocketTests.cpp; sourceTree = "<group>"; };
		214CE3921564EB8600115E8A /* HTTPPacketTests.cpp */ = {isa = PBXFileReference; fileEncoding = 4; lastKnownFileType = sourcecode.cpp.cpp; name = HTTPPacketTests.cpp; path = ../../HTTPPacketTests.cpp; sourceTree = "<group>"; };
		2168600219973B1E00324D13 /* MessageQueue.cpp */ = {isa = PBXFileReference; fileEncoding = 4; lastKnownFileType = sourcecode.cpp.cpp; name = MessageQueue.cpp; path = ../../MessageQueue.cpp; sourceTree = "<group>"; };
		21805DF0153ED21A005EC7D6 /* HTTPServerTests.cpp */ = {isa = PBXFileReference; fileEncoding = 4; lastKnownFileType = sourcecode.cpp.cpp; name = HTTPServerTests.cpp; path = ../../HTTPServerTests.cpp; sourceTree = "<group>"; };
		21998CD41536A96A00F9454F /* uHttpUnitTest */ = {isa = PBXFileReference; explicitFileType = "compiled.mach-o.executable"; includeInIndex = 0; path = uHttpUnitTest; sourceTree = BUILT_PRODUCTS_DIR; };
		21AA0410183E0CEE006B0406 /* RandomTests.cpp */ = {isa = PBXFileReference; fileEncoding = 4; lastKnownFileType = sourcecode.cpp.cpp; name = RandomTests.cpp; path = ../../RandomTests.cpp; sourceTree = "<group>"; };
		21AA0415183E0F44006B0406 /* HTTPRequestTests.cpp */ = {isa = PBXFileReference; fileEncoding = 4; lastKnownFileType = sourcecode.cpp.cpp; name = HTTPRequestTests.cpp; path = ../../HTTPRequestTests.cpp; sourceTree = "<group>"; };
		21B4231A184F848800EFC1AF /* LoggerTests.cpp */ = {isa = PBXFileReference; fileEncoding = 4; lastKnownFileType = sourcecode.cpp.cpp; name = LoggerTests.cpp; path = ../../LoggerTests.cpp; sourceTree = "<group>"; };
		21C01C3F153DE18F00547B13 /* UriTests.cpp */ = {isa = PBXFileReference; fileEncoding = 4; lastKnownFileType = sourcecode.cpp.cpp; name = UriTests.cpp; path = ../../UriTests.cpp; sourceTree = "<group>"; };
		21F497DC1536AB430035F09A /* HTTPTestMain.cpp */ = {isa = PBXFileReference; fileEncoding = 4; lastKnownFileType = sourcecode.cpp.cpp; name = HTTPTestMain.cpp; path = ../../HTTPTestMain.cpp; sourceTree = "<group>"; };
		21F497DE1536ABB40035F09A /* libuhttp.xcodeproj */ = {isa = PBXFileReference; lastKnownFileType = "wrapper.pb-project"; name = libuhttp.xcodeproj; path = ../../../lib/macosx/xcode/libuhttp.xcodeproj; sourceTree = "<group>"; };
		21F497E71536AC270035F09A /* HTTPClientTests.cpp */ = {isa = PBXFileReference; fileEncoding = 4; lastKnownFileType = sourcecode.cpp.cpp; name = HTTPClientTests.cpp; path = ../../HTTPClientTests.cpp; sourceTree = "<group>"; };
/* End PBXFileReference section */

/* Begin PBXFrameworksBuildPhase section */
		21998CD11536A96A00F9454F /* Frameworks */ = {
			isa = PBXFrameworksBuildPhase;
			buildActionMask = 2147483647;
			files = (
				21AE154A153C2A4600F47C5C /* libuhttp++.a in Frameworks */,
			);
			runOnlyForDeploymentPostprocessing = 0;
		};
/* End PBXFrameworksBuildPhase section */

/* Begin PBXGroup section */
		21998CC91536A96A00F9454F = {
			isa = PBXGroup;
			children = (
				21F497DA1536AAFF0035F09A /* Sources */,
				21F497DB1536AB0E0035F09A /* Frameworks */,
				21998CD51536A96A00F9454F /* Products */,
			);
			sourceTree = "<group>";
		};
		21998CD51536A96A00F9454F /* Products */ = {
			isa = PBXGroup;
			children = (
				21998CD41536A96A00F9454F /* uHttpUnitTest */,
			);
			name = Products;
			sourceTree = "<group>";
		};
		21F497DA1536AAFF0035F09A /* Sources */ = {
			isa = PBXGroup;
			children = (
				2168600219973B1E00324D13 /* MessageQueue.cpp */,
				210D551B1986A4770008D080 /* SemaphoreTests.cpp */,
				21092E30196D011E000E53FB /* VectorTests.cpp */,
				21B4231A184F848800EFC1AF /* LoggerTests.cpp */,
				21AA0415183E0F44006B0406 /* HTTPRequestTests.cpp */,
				21AA0410183E0CEE006B0406 /* RandomTests.cpp */,
				214CE3921564EB8600115E8A /* HTTPPacketTests.cpp */,
				214CE3901564E98D00115E8A /* SocketTests.cpp */,
				214CE38C1564E66C00115E8A /* DateTests.cpp */,
				214CE38D1564E66C00115E8A /* NetworkInterfaceTests.cpp */,
				214CE3861564E51C00115E8A /* MutexTests.cpp */,
				214CE3841564E32800115E8A /* ThreadTests.cpp */,
				214CE3821564E28C00115E8A /* StringTests.cpp */,
				21C01C3F153DE18F00547B13 /* UriTests.cpp */,
				21F497E71536AC270035F09A /* HTTPClientTests.cpp */,
				21F497DC1536AB430035F09A /* HTTPTestMain.cpp */,
				21805DF0153ED21A005EC7D6 /* HTTPServerTests.cpp */,
			);
			indentWidth = 2;
			name = Sources;
			sourceTree = "<group>";
			tabWidth = 2;
		};
		21F497DB1536AB0E0035F09A /* Frameworks */ = {
			isa = PBXGroup;
			children = (
				21F497DE1536ABB40035F09A /* libuhttp.xcodeproj */,
			);
			name = Frameworks;
			sourceTree = "<group>";
		};
		21F497DF1536ABB40035F09A /* Products */ = {
			isa = PBXGroup;
			children = (
				21F497E61536ABB50035F09A /* libuhttp++.a */,
			);
			name = Products;
			sourceTree = "<group>";
		};
/* End PBXGroup section */

/* Begin PBXNativeTarget section */
		21998CD31536A96A00F9454F /* uHttpUnitTest */ = {
			isa = PBXNativeTarget;
			buildConfigurationList = 21998CDE1536A96A00F9454F /* Build configuration list for PBXNativeTarget "uHttpUnitTest" */;
			buildPhases = (
				21998CD01536A96A00F9454F /* Sources */,
				21998CD11536A96A00F9454F /* Frameworks */,
				21998CD21536A96A00F9454F /* CopyFiles */,
			);
			buildRules = (
			);
			dependencies = (
				21AE1549153C2A4000F47C5C /* PBXTargetDependency */,
			);
			name = uHttpUnitTest;
			productName = uHttpUnitTest;
			productReference = 21998CD41536A96A00F9454F /* uHttpUnitTest */;
			productType = "com.apple.product-type.tool";
		};
/* End PBXNativeTarget section */

/* Begin PBXProject section */
		21998CCB1536A96A00F9454F /* Project object */ = {
			isa = PBXProject;
			attributes = {
				LastUpgradeCheck = 0510;
			};
			buildConfigurationList = 21998CCE1536A96A00F9454F /* Build configuration list for PBXProject "uHttpUnitTest" */;
			compatibilityVersion = "Xcode 3.2";
			developmentRegion = English;
			hasScannedForEncodings = 0;
			knownRegions = (
				en,
			);
			mainGroup = 21998CC91536A96A00F9454F;
			productRefGroup = 21998CD51536A96A00F9454F /* Products */;
			projectDirPath = "";
			projectReferences = (
				{
					ProductGroup = 21F497DF1536ABB40035F09A /* Products */;
					ProjectRef = 21F497DE1536ABB40035F09A /* libuhttp.xcodeproj */;
				},
			);
			projectRoot = "";
			targets = (
				21998CD31536A96A00F9454F /* uHttpUnitTest */,
			);
		};
/* End PBXProject section */

/* Begin PBXReferenceProxy section */
		21F497E61536ABB50035F09A /* libuhttp++.a */ = {
			isa = PBXReferenceProxy;
			fileType = archive.ar;
			path = "libuhttp++.a";
			remoteRef = 21F497E51536ABB50035F09A /* PBXContainerItemProxy */;
			sourceTree = BUILT_PRODUCTS_DIR;
		};
/* End PBXReferenceProxy section */

/* Begin PBXSourcesBuildPhase section */
		21998CD01536A96A00F9454F /* Sources */ = {
			isa = PBXSourcesBuildPhase;
			buildActionMask = 2147483647;
			files = (
				21F497DD1536AB430035F09A /* HTTPTestMain.cpp in Sources */,
				21AA0411183E0CEE006B0406 /* RandomTests.cpp in Sources */,
				21F497E81536AC270035F09A /* HTTPClientTests.cpp in Sources */,
				21C01C40153DE18F00547B13 /* UriTests.cpp in Sources */,
				210D551C1986A4770008D080 /* SemaphoreTests.cpp in Sources */,
				21805DF1153ED21A005EC7D6 /* HTTPServerTests.cpp in Sources */,
				21B4231B184F848800EFC1AF /* LoggerTests.cpp in Sources */,
				214CE3831564E28C00115E8A /* StringTests.cpp in Sources */,
				214CE3851564E32800115E8A /* ThreadTests.cpp in Sources */,
				21092E31196D011E000E53FB /* VectorTests.cpp in Sources */,
				214CE3871564E51C00115E8A /* MutexTests.cpp in Sources */,
				214CE38E1564E66C00115E8A /* DateTests.cpp in Sources */,
				214CE38F1564E66C00115E8A /* NetworkInterfaceTests.cpp in Sources */,
				214CE3911564E98D00115E8A /* SocketTests.cpp in Sources */,
				214CE3931564EB8600115E8A /* HTTPPacketTests.cpp in Sources */,
				21AA0416183E0F44006B0406 /* HTTPRequestTests.cpp in Sources */,
				2168600319973B1E00324D13 /* MessageQueue.cpp in Sources */,
			);
			runOnlyForDeploymentPostprocessing = 0;
		};
/* End PBXSourcesBuildPhase section */

/* Begin PBXTargetDependency section */
		21AE1549153C2A4000F47C5C /* PBXTargetDependency */ = {
			isa = PBXTargetDependency;
			name = libuhttp;
			targetProxy = 21AE1548153C2A4000F47C5C /* PBXContainerItemProxy */;
		};
/* End PBXTargetDependency section */

/* Begin XCBuildConfiguration section */
		21998CDC1536A96A00F9454F /* Debug */ = {
			isa = XCBuildConfiguration;
			buildSettings = {
				ALWAYS_SEARCH_USER_PATHS = NO;
				ARCHS = "$(NATIVE_ARCH_ACTUAL)";
				CLANG_CXX_LANGUAGE_STANDARD = "c++0x";
				CLANG_CXX_LIBRARY = "libc++";
				CLANG_WARN_BOOL_CONVERSION = YES;
				CLANG_WARN_CONSTANT_CONVERSION = YES;
				CLANG_WARN_EMPTY_BODY = YES;
				CLANG_WARN_ENUM_CONVERSION = YES;
				CLANG_WARN_INT_CONVERSION = YES;
				CLANG_WARN__DUPLICATE_METHOD_MATCH = YES;
				COPY_PHASE_STRIP = NO;
				GCC_C_LANGUAGE_STANDARD = gnu99;
				GCC_DYNAMIC_NO_PIC = NO;
				GCC_ENABLE_OBJC_EXCEPTIONS = YES;
				GCC_OPTIMIZATION_LEVEL = 0;
				GCC_PREPROCESSOR_DEFINITIONS = (
					"DEBUG=1",
					"$(inherited)",
				);
				GCC_SYMBOLS_PRIVATE_EXTERN = NO;
				GCC_VERSION = com.apple.compilers.llvm.clang.1_0;
				GCC_WARN_64_TO_32_BIT_CONVERSION = YES;
				GCC_WARN_ABOUT_MISSING_PROTOTYPES = YES;
				GCC_WARN_ABOUT_RETURN_TYPE = YES;
				GCC_WARN_UNDECLARED_SELECTOR = YES;
				GCC_WARN_UNINITIALIZED_AUTOS = YES;
				GCC_WARN_UNUSED_FUNCTION = YES;
				GCC_WARN_UNUSED_VARIABLE = YES;
				HEADER_SEARCH_PATHS = (
					/usr/local/include,
					../../../include/,
				);
				LIBRARY_SEARCH_PATHS = /usr/local/lib;
				MACOSX_DEPLOYMENT_TARGET = 10.8;
				ONLY_ACTIVE_ARCH = YES;
				SDKROOT = macosx;
			};
			name = Debug;
		};
		21998CDD1536A96A00F9454F /* Release */ = {
			isa = XCBuildConfiguration;
			buildSettings = {
				ALWAYS_SEARCH_USER_PATHS = NO;
				ARCHS = "$(NATIVE_ARCH_ACTUAL)";
				CLANG_CXX_LANGUAGE_STANDARD = "c++0x";
				CLANG_CXX_LIBRARY = "libc++";
				CLANG_WARN_BOOL_CONVERSION = YES;
				CLANG_WARN_CONSTANT_CONVERSION = YES;
				CLANG_WARN_EMPTY_BODY = YES;
				CLANG_WARN_ENUM_CONVERSION = YES;
				CLANG_WARN_INT_CONVERSION = YES;
				CLANG_WARN__DUPLICATE_METHOD_MATCH = YES;
				COPY_PHASE_STRIP = YES;
				DEBUG_INFORMATION_FORMAT = "dwarf-with-dsym";
				GCC_C_LANGUAGE_STANDARD = gnu99;
				GCC_ENABLE_OBJC_EXCEPTIONS = YES;
				GCC_VERSION = com.apple.compilers.llvm.clang.1_0;
				GCC_WARN_64_TO_32_BIT_CONVERSION = YES;
				GCC_WARN_ABOUT_MISSING_PROTOTYPES = YES;
				GCC_WARN_ABOUT_RETURN_TYPE = YES;
				GCC_WARN_UNDECLARED_SELECTOR = YES;
				GCC_WARN_UNINITIALIZED_AUTOS = YES;
				GCC_WARN_UNUSED_FUNCTION = YES;
				GCC_WARN_UNUSED_VARIABLE = YES;
				HEADER_SEARCH_PATHS = (
					/usr/local/include,
					../../../include/,
				);
				LIBRARY_SEARCH_PATHS = /usr/local/lib;
				MACOSX_DEPLOYMENT_TARGET = 10.8;
				SDKROOT = macosx;
			};
			name = Release;
		};
		21998CDF1536A96A00F9454F /* Debug */ = {
			isa = XCBuildConfiguration;
			buildSettings = {
				OTHER_LDFLAGS = (
					"-lboost_thread-mt",
					"-lboost_system-mt",
					"-lboost_unit_test_framework-mt",
				);
				PRODUCT_NAME = "$(TARGET_NAME)";
			};
			name = Debug;
		};
		21998CE01536A96A00F9454F /* Release */ = {
			isa = XCBuildConfiguration;
			buildSettings = {
				OTHER_LDFLAGS = (
					"-lboost_thread-mt",
					"-lboost_system-mt",
					"-lboost_unit_test_framework-mt",
				);
				PRODUCT_NAME = "$(TARGET_NAME)";
			};
			name = Release;
		};
/* End XCBuildConfiguration section */

/* Begin XCConfigurationList section */
		21998CCE1536A96A00F9454F /* Build configuration list for PBXProject "uHttpUnitTest" */ = {
			isa = XCConfigurationList;
			buildConfigurations = (
				21998CDC1536A96A00F9454F /* Debug */,
				21998CDD1536A96A00F9454F /* Release */,
			);
			defaultConfigurationIsVisible = 0;
			defaultConfigurationName = Release;
		};
		21998CDE1536A96A00F9454F /* Build configuration list for PBXNativeTarget "uHttpUnitTest" */ = {
			isa = XCConfigurationList;
			buildConfigurations = (
				21998CDF1536A96A00F9454F /* Debug */,
				21998CE01536A96A00F9454F /* Release */,
			);
			defaultConfigurationIsVisible = 0;
			defaultConfigurationName = Release;
		};
/* End XCConfigurationList section */
	};
	rootObject = 21998CCB1536A96A00F9454F /* Project object */;
}
