// !$*UTF8*$!
{
	archiveVersion = 1;
	classes = {
	};
	objectVersion = 46;
	objects = {

/* Begin PBXBuildFile section */
		214C466918176CC500EEB97E /* FileServer.cpp in Sources */ = {isa = PBXBuildFile; fileRef = 214C466718176CC500EEB97E /* FileServer.cpp */; };
		214CA3BC17F31A9000D9FEF6 /* libuhttp++.a in Frameworks */ = {isa = PBXBuildFile; fileRef = 214CA3B517F31A2200D9FEF6 /* libuhttp++.a */; };
		21ED1DD21802973C009D22D5 /* fsserver.cpp in Sources */ = {isa = PBXBuildFile; fileRef = 21ED1DD11802973C009D22D5 /* fsserver.cpp */; };
/* End PBXBuildFile section */

/* Begin PBXContainerItemProxy section */
		214CA3B417F31A2200D9FEF6 /* PBXContainerItemProxy */ = {
			isa = PBXContainerItemProxy;
			containerPortal = 214CA3B017F31A2100D9FEF6 /* libuhttp.xcodeproj */;
			proxyType = 2;
			remoteGlobalIDString = 21E1EB1C1535D1E0005AA247;
			remoteInfo = libuhttp;
		};
/* End PBXContainerItemProxy section */

/* Begin PBXCopyFilesBuildPhase section */
		213B356D17F319E800D39CC8 /* CopyFiles */ = {
			isa = PBXCopyFilesBuildPhase;
			buildActionMask = 2147483647;
			dstPath = /usr/share/man/man1/;
			dstSubfolderSpec = 0;
			files = (
			);
			runOnlyForDeploymentPostprocessing = 1;
		};
/* End PBXCopyFilesBuildPhase section */

/* Begin PBXFileReference section */
		213B356F17F319E800D39CC8 /* fsserver */ = {isa = PBXFileReference; explicitFileType = "compiled.mach-o.executable"; includeInIndex = 0; path = fsserver; sourceTree = BUILT_PRODUCTS_DIR; };
		214C466718176CC500EEB97E /* FileServer.cpp */ = {isa = PBXFileReference; fileEncoding = 4; lastKnownFileType = sourcecode.cpp.cpp; name = FileServer.cpp; path = ../../FileServer.cpp; sourceTree = "<group>"; };
		214C466818176CC500EEB97E /* FileServer.h */ = {isa = PBXFileReference; fileEncoding = 4; lastKnownFileType = sourcecode.c.h; name = FileServer.h; path = ../../FileServer.h; sourceTree = "<group>"; };
		214CA3B017F31A2100D9FEF6 /* libuhttp.xcodeproj */ = {isa = PBXFileReference; lastKnownFileType = "wrapper.pb-project"; name = libuhttp.xcodeproj; path = ../../../../lib/macosx/xcode/libuhttp.xcodeproj; sourceTree = "<group>"; };
		21ED1DD11802973C009D22D5 /* fsserver.cpp */ = {isa = PBXFileReference; fileEncoding = 4; lastKnownFileType = sourcecode.cpp.cpp; name = fsserver.cpp; path = ../../fsserver.cpp; sourceTree = "<group>"; };
/* End PBXFileReference section */

/* Begin PBXFrameworksBuildPhase section */
		213B356C17F319E800D39CC8 /* Frameworks */ = {
			isa = PBXFrameworksBuildPhase;
			buildActionMask = 2147483647;
			files = (
				214CA3BC17F31A9000D9FEF6 /* libuhttp++.a in Frameworks */,
			);
			runOnlyForDeploymentPostprocessing = 0;
		};
/* End PBXFrameworksBuildPhase section */

/* Begin PBXGroup section */
		213B356617F319E800D39CC8 = {
			isa = PBXGroup;
			children = (
				21ED1DCF18029725009D22D5 /* Sources */,
				213B357017F319E800D39CC8 /* Products */,
				214CA3AF17F31A0100D9FEF6 /* Frameworks */,
			);
			sourceTree = "<group>";
		};
		213B357017F319E800D39CC8 /* Products */ = {
			isa = PBXGroup;
			children = (
				213B356F17F319E800D39CC8 /* fsserver */,
			);
			name = Products;
			sourceTree = "<group>";
		};
		214CA3AF17F31A0100D9FEF6 /* Frameworks */ = {
			isa = PBXGroup;
			children = (
				214CA3B017F31A2100D9FEF6 /* libuhttp.xcodeproj */,
			);
			name = Frameworks;
			sourceTree = "<group>";
		};
		214CA3B117F31A2100D9FEF6 /* Products */ = {
			isa = PBXGroup;
			children = (
				214CA3B517F31A2200D9FEF6 /* libuhttp++.a */,
			);
			name = Products;
			sourceTree = "<group>";
		};
		21ED1DCF18029725009D22D5 /* Sources */ = {
			isa = PBXGroup;
			children = (
				214C466718176CC500EEB97E /* FileServer.cpp */,
				214C466818176CC500EEB97E /* FileServer.h */,
				21ED1DD11802973C009D22D5 /* fsserver.cpp */,
			);
			name = Sources;
			sourceTree = "<group>";
		};
/* End PBXGroup section */

/* Begin PBXNativeTarget section */
		213B356E17F319E800D39CC8 /* fsserver */ = {
			isa = PBXNativeTarget;
			buildConfigurationList = 213B357817F319E800D39CC8 /* Build configuration list for PBXNativeTarget "fsserver" */;
			buildPhases = (
				213B356B17F319E800D39CC8 /* Sources */,
				213B356C17F319E800D39CC8 /* Frameworks */,
				213B356D17F319E800D39CC8 /* CopyFiles */,
			);
			buildRules = (
			);
			dependencies = (
			);
			name = fsserver;
			productName = fsserver;
			productReference = 213B356F17F319E800D39CC8 /* fsserver */;
			productType = "com.apple.product-type.tool";
		};
/* End PBXNativeTarget section */

/* Begin PBXProject section */
		213B356717F319E800D39CC8 /* Project object */ = {
			isa = PBXProject;
			attributes = {
				LastUpgradeCheck = 0500;
				ORGANIZATIONNAME = "Satoshi Konno";
			};
			buildConfigurationList = 213B356A17F319E800D39CC8 /* Build configuration list for PBXProject "fsserver" */;
			compatibilityVersion = "Xcode 3.2";
			developmentRegion = English;
			hasScannedForEncodings = 0;
			knownRegions = (
				en,
			);
			mainGroup = 213B356617F319E800D39CC8;
			productRefGroup = 213B357017F319E800D39CC8 /* Products */;
			projectDirPath = "";
			projectReferences = (
				{
					ProductGroup = 214CA3B117F31A2100D9FEF6 /* Products */;
					ProjectRef = 214CA3B017F31A2100D9FEF6 /* libuhttp.xcodeproj */;
				},
			);
			projectRoot = "";
			targets = (
				213B356E17F319E800D39CC8 /* fsserver */,
			);
		};
/* End PBXProject section */

/* Begin PBXReferenceProxy section */
		214CA3B517F31A2200D9FEF6 /* libuhttp++.a */ = {
			isa = PBXReferenceProxy;
			fileType = archive.ar;
			path = "libuhttp++.a";
			remoteRef = 214CA3B417F31A2200D9FEF6 /* PBXContainerItemProxy */;
			sourceTree = BUILT_PRODUCTS_DIR;
		};
/* End PBXReferenceProxy section */

/* Begin PBXSourcesBuildPhase section */
		213B356B17F319E800D39CC8 /* Sources */ = {
			isa = PBXSourcesBuildPhase;
			buildActionMask = 2147483647;
			files = (
				214C466918176CC500EEB97E /* FileServer.cpp in Sources */,
				21ED1DD21802973C009D22D5 /* fsserver.cpp in Sources */,
			);
			runOnlyForDeploymentPostprocessing = 0;
		};
/* End PBXSourcesBuildPhase section */

/* Begin XCBuildConfiguration section */
		213B357617F319E800D39CC8 /* Debug */ = {
			isa = XCBuildConfiguration;
			buildSettings = {
				ALWAYS_SEARCH_USER_PATHS = NO;
				CLANG_CXX_LANGUAGE_STANDARD = "compiler-default";
				CLANG_CXX_LIBRARY = "compiler-default";
				CLANG_ENABLE_OBJC_ARC = YES;
				CLANG_WARN_BOOL_CONVERSION = YES;
				CLANG_WARN_CONSTANT_CONVERSION = YES;
				CLANG_WARN_DIRECT_OBJC_ISA_USAGE = YES_ERROR;
				CLANG_WARN_EMPTY_BODY = YES;
				CLANG_WARN_ENUM_CONVERSION = YES;
				CLANG_WARN_INT_CONVERSION = YES;
				CLANG_WARN_OBJC_ROOT_CLASS = YES_ERROR;
				CLANG_WARN__DUPLICATE_METHOD_MATCH = YES;
				COPY_PHASE_STRIP = NO;
				GCC_C_LANGUAGE_STANDARD = gnu99;
				GCC_DYNAMIC_NO_PIC = NO;
				GCC_ENABLE_OBJC_EXCEPTIONS = YES;
				GCC_OPTIMIZATION_LEVEL = 0;
				GCC_PREPROCESSOR_DEFINITIONS = (
					"DEBUG=1",
					"$(inherited)",
				);
				GCC_SYMBOLS_PRIVATE_EXTERN = NO;
				GCC_WARN_64_TO_32_BIT_CONVERSION = YES;
				GCC_WARN_ABOUT_RETURN_TYPE = YES_ERROR;
				GCC_WARN_UNDECLARED_SELECTOR = YES;
				GCC_WARN_UNINITIALIZED_AUTOS = YES;
				GCC_WARN_UNUSED_FUNCTION = YES;
				GCC_WARN_UNUSED_VARIABLE = YES;
				MACOSX_DEPLOYMENT_TARGET = 10.8;
				ONLY_ACTIVE_ARCH = YES;
				SDKROOT = macosx;
			};
			name = Debug;
		};
		213B357717F319E800D39CC8 /* Release */ = {
			isa = XCBuildConfiguration;
			buildSettings = {
				ALWAYS_SEARCH_USER_PATHS = NO;
				CLANG_CXX_LANGUAGE_STANDARD = "compiler-default";
				CLANG_CXX_LIBRARY = "compiler-default";
				CLANG_ENABLE_OBJC_ARC = YES;
				CLANG_WARN_BOOL_CONVERSION = YES;
				CLANG_WARN_CONSTANT_CONVERSION = YES;
				CLANG_WARN_DIRECT_OBJC_ISA_USAGE = YES_ERROR;
				CLANG_WARN_EMPTY_BODY = YES;
				CLANG_WARN_ENUM_CONVERSION = YES;
				CLANG_WARN_INT_CONVERSION = YES;
				CLANG_WARN_OBJC_ROOT_CLASS = YES_ERROR;
				CLANG_WARN__DUPLICATE_METHOD_MATCH = YES;
				COPY_PHASE_STRIP = YES;
				DEBUG_INFORMATION_FORMAT = "dwarf-with-dsym";
				ENABLE_NS_ASSERTIONS = NO;
				GCC_C_LANGUAGE_STANDARD = gnu99;
				GCC_ENABLE_OBJC_EXCEPTIONS = YES;
				GCC_WARN_64_TO_32_BIT_CONVERSION = YES;
				GCC_WARN_ABOUT_RETURN_TYPE = YES_ERROR;
				GCC_WARN_UNDECLARED_SELECTOR = YES;
				GCC_WARN_UNINITIALIZED_AUTOS = YES;
				GCC_WARN_UNUSED_FUNCTION = YES;
				GCC_WARN_UNUSED_VARIABLE = YES;
				MACOSX_DEPLOYMENT_TARGET = 10.8;
				SDKROOT = macosx;
			};
			name = Release;
		};
		213B357917F319E800D39CC8 /* Debug */ = {
			isa = XCBuildConfiguration;
			buildSettings = {
				HEADER_SEARCH_PATHS = (
					"$(inherited)",
					/Applications/Xcode.app/Contents/Developer/Toolchains/XcodeDefault.xctoolchain/usr/include,
					../../../../include,
				);
				PRODUCT_NAME = "$(TARGET_NAME)";
			};
			name = Debug;
		};
		213B357A17F319E800D39CC8 /* Release */ = {
			isa = XCBuildConfiguration;
			buildSettings = {
				HEADER_SEARCH_PATHS = (
					"$(inherited)",
					/Applications/Xcode.app/Contents/Developer/Toolchains/XcodeDefault.xctoolchain/usr/include,
					../../../../include,
				);
				PRODUCT_NAME = "$(TARGET_NAME)";
			};
			name = Release;
		};
/* End XCBuildConfiguration section */

/* Begin XCConfigurationList section */
		213B356A17F319E800D39CC8 /* Build configuration list for PBXProject "fsserver" */ = {
			isa = XCConfigurationList;
			buildConfigurations = (
				213B357617F319E800D39CC8 /* Debug */,
				213B357717F319E800D39CC8 /* Release */,
			);
			defaultConfigurationIsVisible = 0;
			defaultConfigurationName = Release;
		};
		213B357817F319E800D39CC8 /* Build configuration list for PBXNativeTarget "fsserver" */ = {
			isa = XCConfigurationList;
			buildConfigurations = (
				213B357917F319E800D39CC8 /* Debug */,
				213B357A17F319E800D39CC8 /* Release */,
			);
			defaultConfigurationIsVisible = 0;
			defaultConfigurationName = Release;
		};
/* End XCConfigurationList section */
	};
	rootObject = 213B356717F319E800D39CC8 /* Project object */;
}
